
Microsoft Visual Studio Solution File, Format Version 12.00
# Visual Studio Version 16
VisualStudioVersion = 16.0.30621.155
MinimumVisualStudioVersion = 10.0.40219.1
Project("{FAE04EC0-301F-11D3-BF4B-00C04F79EFBC}") = "rbBeatDetect", "rbBeatDetect\rbBeatDetect.csproj", "{AF8AB790-2874-449E-8C03-2FBE76879856}"
EndProject
Global
	GlobalSection(SolutionConfigurationPlatforms) = preSolution
		Debug|Any CPU = Debug|Any CPU
		Debug|x64 = Debug|x64
		Release|Any CPU = Release|Any CPU
		Release|x64 = Release|x64
	EndGlobalSection
	GlobalSection(ProjectConfigurationPlatforms) = postSolution
		{AF8AB790-2874-449E-8C03-2FBE76879856}.Debug|Any CPU.ActiveCfg = Debug|x64
		{AF8AB790-2874-449E-8C03-2FBE76879856}.Debug|x64.ActiveCfg = Debug|x64
		{AF8AB790-2874-449E-8C03-2FBE76879856}.Debug|x64.Build.0 = Debug|x64
		{AF8AB790-2874-449E-8C03-2FBE76879856}.Release|Any CPU.ActiveCfg = Release|x64
		{AF8AB790-2874-449E-8C03-2FBE76879856}.Release|x64.ActiveCfg = Release|x64
		{AF8AB790-2874-449E-8C03-2FBE76879856}.Release|x64.Build.0 = Release|x64
	EndGlobalSection
	GlobalSection(SolutionProperties) = preSolution
		HideSolutionNode = FALSE
	EndGlobalSection
	GlobalSection(ExtensibilityGlobals) = postSolution
		SolutionGuid = {F94F1922-A140-4C34-91A4-1E9DD06AD622}
	EndGlobalSection
EndGlobal
